
Microsoft Visual Studio Solution File, Format Version 12.00
# Visual Studio Version 16
VisualStudioVersion = 16.0.31205.134
MinimumVisualStudioVersion = 10.0.40219.1
Project("{FAE04EC0-301F-11D3-BF4B-00C04F79EFBC}") = "WebApi_SPMedical", "WebApi_SPMedical\WebApi_SPMedical.csproj", "{D6DC5604-E69B-4627-B857-63060A98772A}"
EndProject
Global
	GlobalSection(SolutionConfigurationPlatforms) = preSolution
		Debug|Any CPU = Debug|Any CPU
		Release|Any CPU = Release|Any CPU
	EndGlobalSection
	GlobalSection(ProjectConfigurationPlatforms) = postSolution
		{D6DC5604-E69B-4627-B857-63060A98772A}.Debug|Any CPU.ActiveCfg = Debug|Any CPU
		{D6DC5604-E69B-4627-B857-63060A98772A}.Debug|Any CPU.Build.0 = Debug|Any CPU
		{D6DC5604-E69B-4627-B857-63060A98772A}.Release|Any CPU.ActiveCfg = Release|Any CPU
		{D6DC5604-E69B-4627-B857-63060A98772A}.Release|Any CPU.Build.0 = Release|Any CPU
	EndGlobalSection
	GlobalSection(SolutionProperties) = preSolution
		HideSolutionNode = FALSE
	EndGlobalSection
	GlobalSection(ExtensibilityGlobals) = postSolution
		SolutionGuid = {CBD4AAE2-115A-4F53-B979-5414B7A5EAD3}
	EndGlobalSection
EndGlobal
