
Microsoft Visual Studio Solution File, Format Version 12.00
# Visual Studio Version 16
VisualStudioVersion = 16.0.31205.134
MinimumVisualStudioVersion = 10.0.40219.1
Project("{FAE04EC0-301F-11D3-BF4B-00C04F79EFBC}") = "senai.hroads.webApi", "senai.hroads.webApi\senai.hroads.webApi.csproj", "{7B58ADFB-000B-410D-9C77-DCA13553E1BE}"
EndProject
Global
	GlobalSection(SolutionConfigurationPlatforms) = preSolution
		Debug|Any CPU = Debug|Any CPU
		Release|Any CPU = Release|Any CPU
	EndGlobalSection
	GlobalSection(ProjectConfigurationPlatforms) = postSolution
		{7B58ADFB-000B-410D-9C77-DCA13553E1BE}.Debug|Any CPU.ActiveCfg = Debug|Any CPU
		{7B58ADFB-000B-410D-9C77-DCA13553E1BE}.Debug|Any CPU.Build.0 = Debug|Any CPU
		{7B58ADFB-000B-410D-9C77-DCA13553E1BE}.Release|Any CPU.ActiveCfg = Release|Any CPU
		{7B58ADFB-000B-410D-9C77-DCA13553E1BE}.Release|Any CPU.Build.0 = Release|Any CPU
	EndGlobalSection
	GlobalSection(SolutionProperties) = preSolution
		HideSolutionNode = FALSE
	EndGlobalSection
	GlobalSection(ExtensibilityGlobals) = postSolution
		SolutionGuid = {C5923926-EDA8-4013-939A-B27E77E138A6}
	EndGlobalSection
EndGlobal
